
Microsoft Visual Studio Solution File, Format Version 12.00
# Visual Studio 15
VisualStudioVersion = 15.0.27004.2008
MinimumVisualStudioVersion = 10.0.40219.1
Project("{FAE04EC0-301F-11D3-BF4B-00C04F79EFBC}") = "MyFirstAngularSite", "MyFirstAngularSite\MyFirstAngularSite.csproj", "{4354A355-ED5F-4067-999D-D5CD787A9CA8}"
EndProject
Global
	GlobalSection(SolutionConfigurationPlatforms) = preSolution
		Debug|Any CPU = Debug|Any CPU
		Release|Any CPU = Release|Any CPU
	EndGlobalSection
	GlobalSection(ProjectConfigurationPlatforms) = postSolution
		{4354A355-ED5F-4067-999D-D5CD787A9CA8}.Debug|Any CPU.ActiveCfg = Debug|Any CPU
		{4354A355-ED5F-4067-999D-D5CD787A9CA8}.Debug|Any CPU.Build.0 = Debug|Any CPU
		{4354A355-ED5F-4067-999D-D5CD787A9CA8}.Release|Any CPU.ActiveCfg = Release|Any CPU
		{4354A355-ED5F-4067-999D-D5CD787A9CA8}.Release|Any CPU.Build.0 = Release|Any CPU
	EndGlobalSection
	GlobalSection(SolutionProperties) = preSolution
		HideSolutionNode = FALSE
	EndGlobalSection
	GlobalSection(ExtensibilityGlobals) = postSolution
		SolutionGuid = {6BE99CC8-2D65-48F6-82E7-26B594906D53}
	EndGlobalSection
EndGlobal
